// !$*UTF8*$!
{
	archiveVersion = 1;
	classes = {
	};
	objectVersion = 50;
	objects = {

/* Begin PBXBuildFile section */
		3AB081062684DF6D008D030C /* MealSettingsCell.swift in Sources */ = {isa = PBXBuildFile; fileRef = 3AB081052684DF6D008D030C /* MealSettingsCell.swift */; };
		3AB081082684EE95008D030C /* SettingsViewController.swift in Sources */ = {isa = PBXBuildFile; fileRef = 3AB081072684EE95008D030C /* SettingsViewController.swift */; };
		3AB0810A26851472008D030C /* MealCell.swift in Sources */ = {isa = PBXBuildFile; fileRef = 3AB0810926851472008D030C /* MealCell.swift */; };
		3AB0810C2685156E008D030C /* TrackCell.swift in Sources */ = {isa = PBXBuildFile; fileRef = 3AB0810B2685156E008D030C /* TrackCell.swift */; };
		3AB0810E26851F92008D030C /* TrackViewController.swift in Sources */ = {isa = PBXBuildFile; fileRef = 3AB0810D26851F92008D030C /* TrackViewController.swift */; };
		3AC3EF602683EBF200CE1CEB /* AppDelegate.swift in Sources */ = {isa = PBXBuildFile; fileRef = 3AC3EF5F2683EBF200CE1CEB /* AppDelegate.swift */; };
		3AC3EF622683EBF200CE1CEB /* SceneDelegate.swift in Sources */ = {isa = PBXBuildFile; fileRef = 3AC3EF612683EBF200CE1CEB /* SceneDelegate.swift */; };
		3AC3EF6A2683EBF200CE1CEB /* HappyPoops.xcdatamodeld in Sources */ = {isa = PBXBuildFile; fileRef = 3AC3EF682683EBF200CE1CEB /* HappyPoops.xcdatamodeld */; };
		3AC3EF6C2683EBF200CE1CEB /* Assets.xcassets in Resources */ = {isa = PBXBuildFile; fileRef = 3AC3EF6B2683EBF200CE1CEB /* Assets.xcassets */; };
		3AC3EF6F2683EBF200CE1CEB /* LaunchScreen.storyboard in Resources */ = {isa = PBXBuildFile; fileRef = 3AC3EF6D2683EBF200CE1CEB /* LaunchScreen.storyboard */; };
		3AC3EF7A2683EBF200CE1CEB /* HappyPoopsTests.swift in Sources */ = {isa = PBXBuildFile; fileRef = 3AC3EF792683EBF200CE1CEB /* HappyPoopsTests.swift */; };
		3AC3EF852683EBF200CE1CEB /* HappyPoopsUITests.swift in Sources */ = {isa = PBXBuildFile; fileRef = 3AC3EF842683EBF200CE1CEB /* HappyPoopsUITests.swift */; };
		3AC3EF9C2683EC7300CE1CEB /* Enums.swift in Sources */ = {isa = PBXBuildFile; fileRef = 3AC3EF972683EC7300CE1CEB /* Enums.swift */; };
		3AC3EFAA2683EE7800CE1CEB /* Chart.swift in Sources */ = {isa = PBXBuildFile; fileRef = 3AC3EFA82683EE7800CE1CEB /* Chart.swift */; };
		3AC3EFAB2683EE7800CE1CEB /* XAxisFormatter.swift in Sources */ = {isa = PBXBuildFile; fileRef = 3AC3EFA92683EE7800CE1CEB /* XAxisFormatter.swift */; };
		3AC3EFAF2683EE8200CE1CEB /* AnalyzeViewController.swift in Sources */ = {isa = PBXBuildFile; fileRef = 3AC3EFAC2683EE8200CE1CEB /* AnalyzeViewController.swift */; };
		3AC3EFB02683EE8200CE1CEB /* GraphCell.swift in Sources */ = {isa = PBXBuildFile; fileRef = 3AC3EFAD2683EE8200CE1CEB /* GraphCell.swift */; };
		3AC3EFB12683EE8200CE1CEB /* InsightTableViewCell.swift in Sources */ = {isa = PBXBuildFile; fileRef = 3AC3EFAE2683EE8200CE1CEB /* InsightTableViewCell.swift */; };
		3AC3EFB82683EE9C00CE1CEB /* ContentSizedTableView.swift in Sources */ = {isa = PBXBuildFile; fileRef = 3AC3EFB22683EE9B00CE1CEB /* ContentSizedTableView.swift */; };
		3AC3EFBA2683EE9C00CE1CEB /* AddFoodTypeVC.swift in Sources */ = {isa = PBXBuildFile; fileRef = 3AC3EFB52683EE9C00CE1CEB /* AddFoodTypeVC.swift */; };
		3AC3EFCB2683EEA900CE1CEB /* FoodTypeCircle.swift in Sources */ = {isa = PBXBuildFile; fileRef = 3AC3EFC42683EEA900CE1CEB /* FoodTypeCircle.swift */; };
		3AC5209B268A95F900B7EF0F /* AddEventViewController.swift in Sources */ = {isa = PBXBuildFile; fileRef = 3AC5209A268A95F900B7EF0F /* AddEventViewController.swift */; };
		3AC5209D268AB1C900B7EF0F /* UIColor+EffectiveColors.swift in Sources */ = {isa = PBXBuildFile; fileRef = 3AC5209C268AB1C900B7EF0F /* UIColor+EffectiveColors.swift */; };
		3AC5209F268AB41900B7EF0F /* TabBarController.swift in Sources */ = {isa = PBXBuildFile; fileRef = 3AC5209E268AB41900B7EF0F /* TabBarController.swift */; };
		3AECA9F226852B4A00E399A5 /* PoopCell.swift in Sources */ = {isa = PBXBuildFile; fileRef = 3AECA9F126852B4A00E399A5 /* PoopCell.swift */; };
		8614F3491B375EBDB67E9657 /* libPods-HappyPoops.a in Frameworks */ = {isa = PBXBuildFile; fileRef = 650E5308BAC0EEAFA16435D6 /* libPods-HappyPoops.a */; };
/* End PBXBuildFile section */

/* Begin PBXContainerItemProxy section */
		3AC3EF762683EBF200CE1CEB /* PBXContainerItemProxy */ = {
			isa = PBXContainerItemProxy;
			containerPortal = 3AC3EF542683EBF200CE1CEB /* Project object */;
			proxyType = 1;
			remoteGlobalIDString = 3AC3EF5B2683EBF200CE1CEB;
			remoteInfo = HappyPoops;
		};
		3AC3EF812683EBF200CE1CEB /* PBXContainerItemProxy */ = {
			isa = PBXContainerItemProxy;
			containerPortal = 3AC3EF542683EBF200CE1CEB /* Project object */;
			proxyType = 1;
			remoteGlobalIDString = 3AC3EF5B2683EBF200CE1CEB;
			remoteInfo = HappyPoops;
		};
/* End PBXContainerItemProxy section */

/* Begin PBXFileReference section */
		3AB081052684DF6D008D030C /* MealSettingsCell.swift */ = {isa = PBXFileReference; lastKnownFileType = sourcecode.swift; path = MealSettingsCell.swift; sourceTree = "<group>"; };
		3AB081072684EE95008D030C /* SettingsViewController.swift */ = {isa = PBXFileReference; lastKnownFileType = sourcecode.swift; path = SettingsViewController.swift; sourceTree = "<group>"; };
		3AB0810926851472008D030C /* MealCell.swift */ = {isa = PBXFileReference; lastKnownFileType = sourcecode.swift; path = MealCell.swift; sourceTree = "<group>"; };
		3AB0810B2685156E008D030C /* TrackCell.swift */ = {isa = PBXFileReference; lastKnownFileType = sourcecode.swift; path = TrackCell.swift; sourceTree = "<group>"; };
		3AB0810D26851F92008D030C /* TrackViewController.swift */ = {isa = PBXFileReference; lastKnownFileType = sourcecode.swift; path = TrackViewController.swift; sourceTree = "<group>"; };
		3AC3EF5C2683EBF200CE1CEB /* HappyPoops.app */ = {isa = PBXFileReference; explicitFileType = wrapper.application; includeInIndex = 0; path = HappyPoops.app; sourceTree = BUILT_PRODUCTS_DIR; };
		3AC3EF5F2683EBF200CE1CEB /* AppDelegate.swift */ = {isa = PBXFileReference; lastKnownFileType = sourcecode.swift; path = AppDelegate.swift; sourceTree = "<group>"; };
		3AC3EF612683EBF200CE1CEB /* SceneDelegate.swift */ = {isa = PBXFileReference; lastKnownFileType = sourcecode.swift; path = SceneDelegate.swift; sourceTree = "<group>"; };
		3AC3EF692683EBF200CE1CEB /* HappyPoops.xcdatamodel */ = {isa = PBXFileReference; lastKnownFileType = wrapper.xcdatamodel; path = HappyPoops.xcdatamodel; sourceTree = "<group>"; };
		3AC3EF6B2683EBF200CE1CEB /* Assets.xcassets */ = {isa = PBXFileReference; lastKnownFileType = folder.assetcatalog; path = Assets.xcassets; sourceTree = "<group>"; };
		3AC3EF6E2683EBF200CE1CEB /* Base */ = {isa = PBXFileReference; lastKnownFileType = file.storyboard; name = Base; path = Base.lproj/LaunchScreen.storyboard; sourceTree = "<group>"; };
		3AC3EF702683EBF200CE1CEB /* Info.plist */ = {isa = PBXFileReference; lastKnownFileType = text.plist.xml; path = Info.plist; sourceTree = "<group>"; };
		3AC3EF752683EBF200CE1CEB /* HappyPoopsTests.xctest */ = {isa = PBXFileReference; explicitFileType = wrapper.cfbundle; includeInIndex = 0; path = HappyPoopsTests.xctest; sourceTree = BUILT_PRODUCTS_DIR; };
		3AC3EF792683EBF200CE1CEB /* HappyPoopsTests.swift */ = {isa = PBXFileReference; lastKnownFileType = sourcecode.swift; path = HappyPoopsTests.swift; sourceTree = "<group>"; };
		3AC3EF7B2683EBF200CE1CEB /* Info.plist */ = {isa = PBXFileReference; lastKnownFileType = text.plist.xml; path = Info.plist; sourceTree = "<group>"; };
		3AC3EF802683EBF200CE1CEB /* HappyPoopsUITests.xctest */ = {isa = PBXFileReference; explicitFileType = wrapper.cfbundle; includeInIndex = 0; path = HappyPoopsUITests.xctest; sourceTree = BUILT_PRODUCTS_DIR; };
		3AC3EF842683EBF200CE1CEB /* HappyPoopsUITests.swift */ = {isa = PBXFileReference; lastKnownFileType = sourcecode.swift; path = HappyPoopsUITests.swift; sourceTree = "<group>"; };
		3AC3EF862683EBF200CE1CEB /* Info.plist */ = {isa = PBXFileReference; lastKnownFileType = text.plist.xml; path = Info.plist; sourceTree = "<group>"; };
		3AC3EF972683EC7300CE1CEB /* Enums.swift */ = {isa = PBXFileReference; fileEncoding = 4; lastKnownFileType = sourcecode.swift; path = Enums.swift; sourceTree = "<group>"; };
		3AC3EFA82683EE7800CE1CEB /* Chart.swift */ = {isa = PBXFileReference; fileEncoding = 4; lastKnownFileType = sourcecode.swift; path = Chart.swift; sourceTree = "<group>"; };
		3AC3EFA92683EE7800CE1CEB /* XAxisFormatter.swift */ = {isa = PBXFileReference; fileEncoding = 4; lastKnownFileType = sourcecode.swift; path = XAxisFormatter.swift; sourceTree = "<group>"; };
		3AC3EFAC2683EE8200CE1CEB /* AnalyzeViewController.swift */ = {isa = PBXFileReference; fileEncoding = 4; lastKnownFileType = sourcecode.swift; path = AnalyzeViewController.swift; sourceTree = "<group>"; };
		3AC3EFAD2683EE8200CE1CEB /* GraphCell.swift */ = {isa = PBXFileReference; fileEncoding = 4; lastKnownFileType = sourcecode.swift; path = GraphCell.swift; sourceTree = "<group>"; };
		3AC3EFAE2683EE8200CE1CEB /* InsightTableViewCell.swift */ = {isa = PBXFileReference; fileEncoding = 4; lastKnownFileType = sourcecode.swift; path = InsightTableViewCell.swift; sourceTree = "<group>"; };
		3AC3EFB22683EE9B00CE1CEB /* ContentSizedTableView.swift */ = {isa = PBXFileReference; fileEncoding = 4; lastKnownFileType = sourcecode.swift; path = ContentSizedTableView.swift; sourceTree = "<group>"; };
		3AC3EFB52683EE9C00CE1CEB /* AddFoodTypeVC.swift */ = {isa = PBXFileReference; fileEncoding = 4; lastKnownFileType = sourcecode.swift; path = AddFoodTypeVC.swift; sourceTree = "<group>"; };
		3AC3EFC42683EEA900CE1CEB /* FoodTypeCircle.swift */ = {isa = PBXFileReference; fileEncoding = 4; lastKnownFileType = sourcecode.swift; path = FoodTypeCircle.swift; sourceTree = "<group>"; };
		3AC5209A268A95F900B7EF0F /* AddEventViewController.swift */ = {isa = PBXFileReference; lastKnownFileType = sourcecode.swift; path = AddEventViewController.swift; sourceTree = "<group>"; };
		3AC5209C268AB1C900B7EF0F /* UIColor+EffectiveColors.swift */ = {isa = PBXFileReference; lastKnownFileType = sourcecode.swift; path = "UIColor+EffectiveColors.swift"; sourceTree = "<group>"; };
		3AC5209E268AB41900B7EF0F /* TabBarController.swift */ = {isa = PBXFileReference; lastKnownFileType = sourcecode.swift; path = TabBarController.swift; sourceTree = "<group>"; };
		3AECA9F126852B4A00E399A5 /* PoopCell.swift */ = {isa = PBXFileReference; lastKnownFileType = sourcecode.swift; path = PoopCell.swift; sourceTree = "<group>"; };
		58E866DDD6FA0141172E1B6C /* Pods-HappyPoops.debug.xcconfig */ = {isa = PBXFileReference; includeInIndex = 1; lastKnownFileType = text.xcconfig; name = "Pods-HappyPoops.debug.xcconfig"; path = "Target Support Files/Pods-HappyPoops/Pods-HappyPoops.debug.xcconfig"; sourceTree = "<group>"; };
		650E5308BAC0EEAFA16435D6 /* libPods-HappyPoops.a */ = {isa = PBXFileReference; explicitFileType = archive.ar; includeInIndex = 0; path = "libPods-HappyPoops.a"; sourceTree = BUILT_PRODUCTS_DIR; };
		FD4903BD2422EF9660F0B4F9 /* Pods-HappyPoops.release.xcconfig */ = {isa = PBXFileReference; includeInIndex = 1; lastKnownFileType = text.xcconfig; name = "Pods-HappyPoops.release.xcconfig"; path = "Target Support Files/Pods-HappyPoops/Pods-HappyPoops.release.xcconfig"; sourceTree = "<group>"; };
/* End PBXFileReference section */

/* Begin PBXFrameworksBuildPhase section */
		3AC3EF592683EBF200CE1CEB /* Frameworks */ = {
			isa = PBXFrameworksBuildPhase;
			buildActionMask = 2147483647;
			files = (
				8614F3491B375EBDB67E9657 /* libPods-HappyPoops.a in Frameworks */,
			);
			runOnlyForDeploymentPostprocessing = 0;
		};
		3AC3EF722683EBF200CE1CEB /* Frameworks */ = {
			isa = PBXFrameworksBuildPhase;
			buildActionMask = 2147483647;
			files = (
			);
			runOnlyForDeploymentPostprocessing = 0;
		};
		3AC3EF7D2683EBF200CE1CEB /* Frameworks */ = {
			isa = PBXFrameworksBuildPhase;
			buildActionMask = 2147483647;
			files = (
			);
			runOnlyForDeploymentPostprocessing = 0;
		};
/* End PBXFrameworksBuildPhase section */

/* Begin PBXGroup section */
		333C53F8AA369BAB2C78C51B /* Pods */ = {
			isa = PBXGroup;
			children = (
				58E866DDD6FA0141172E1B6C /* Pods-HappyPoops.debug.xcconfig */,
				FD4903BD2422EF9660F0B4F9 /* Pods-HappyPoops.release.xcconfig */,
			);
			path = Pods;
			sourceTree = "<group>";
		};
		3AC3EF532683EBF200CE1CEB = {
			isa = PBXGroup;
			children = (
				3AC3EF5E2683EBF200CE1CEB /* HappyPoops */,
				3AC3EF782683EBF200CE1CEB /* HappyPoopsTests */,
				3AC3EF832683EBF200CE1CEB /* HappyPoopsUITests */,
				3AC3EF5D2683EBF200CE1CEB /* Products */,
				333C53F8AA369BAB2C78C51B /* Pods */,
				727D37EB7F402F728AE3927A /* Frameworks */,
			);
			sourceTree = "<group>";
		};
		3AC3EF5D2683EBF200CE1CEB /* Products */ = {
			isa = PBXGroup;
			children = (
				3AC3EF5C2683EBF200CE1CEB /* HappyPoops.app */,
				3AC3EF752683EBF200CE1CEB /* HappyPoopsTests.xctest */,
				3AC3EF802683EBF200CE1CEB /* HappyPoopsUITests.xctest */,
			);
			name = Products;
			sourceTree = "<group>";
		};
		3AC3EF5E2683EBF200CE1CEB /* HappyPoops */ = {
			isa = PBXGroup;
			children = (
				3AC3EF5F2683EBF200CE1CEB /* AppDelegate.swift */,
				3AC3EF612683EBF200CE1CEB /* SceneDelegate.swift */,
				3AC3EF702683EBF200CE1CEB /* Info.plist */,
				3AC3EF682683EBF200CE1CEB /* HappyPoops.xcdatamodeld */,
				3AC3EF6D2683EBF200CE1CEB /* LaunchScreen.storyboard */,
				3AC3EF6B2683EBF200CE1CEB /* Assets.xcassets */,
				3AC3EFA62683EE5F00CE1CEB /* Tracking */,
				3AC3EFA42683EE2A00CE1CEB /* Analysis */,
				3AC3EFA52683EE5A00CE1CEB /* Settings */,
				3AC3EF972683EC7300CE1CEB /* Enums.swift */,
				3AC3EFC42683EEA900CE1CEB /* FoodTypeCircle.swift */,
				3AC5209C268AB1C900B7EF0F /* UIColor+EffectiveColors.swift */,
				3AC5209E268AB41900B7EF0F /* TabBarController.swift */,
			);
			path = HappyPoops;
			sourceTree = "<group>";
		};
		3AC3EF782683EBF200CE1CEB /* HappyPoopsTests */ = {
			isa = PBXGroup;
			children = (
				3AC3EF792683EBF200CE1CEB /* HappyPoopsTests.swift */,
				3AC3EF7B2683EBF200CE1CEB /* Info.plist */,
			);
			path = HappyPoopsTests;
			sourceTree = "<group>";
		};
		3AC3EF832683EBF200CE1CEB /* HappyPoopsUITests */ = {
			isa = PBXGroup;
			children = (
				3AC3EF842683EBF200CE1CEB /* HappyPoopsUITests.swift */,
				3AC3EF862683EBF200CE1CEB /* Info.plist */,
			);
			path = HappyPoopsUITests;
			sourceTree = "<group>";
		};
		3AC3EFA42683EE2A00CE1CEB /* Analysis */ = {
			isa = PBXGroup;
			children = (
				3AC3EFAC2683EE8200CE1CEB /* AnalyzeViewController.swift */,
				3AC3EFA72683EE6700CE1CEB /* Charts */,
				3AC3EFAD2683EE8200CE1CEB /* GraphCell.swift */,
				3AC3EFAE2683EE8200CE1CEB /* InsightTableViewCell.swift */,
			);
			path = Analysis;
			sourceTree = "<group>";
		};
		3AC3EFA52683EE5A00CE1CEB /* Settings */ = {
			isa = PBXGroup;
			children = (
				3AB081072684EE95008D030C /* SettingsViewController.swift */,
				3AC3EFB52683EE9C00CE1CEB /* AddFoodTypeVC.swift */,
				3AC3EFB22683EE9B00CE1CEB /* ContentSizedTableView.swift */,
				3AB081052684DF6D008D030C /* MealSettingsCell.swift */,
			);
			path = Settings;
			sourceTree = "<group>";
		};
		3AC3EFA62683EE5F00CE1CEB /* Tracking */ = {
			isa = PBXGroup;
			children = (
				3AB0810D26851F92008D030C /* TrackViewController.swift */,
				3AC5209A268A95F900B7EF0F /* AddEventViewController.swift */,
				3AB0810926851472008D030C /* MealCell.swift */,
				3AECA9F126852B4A00E399A5 /* PoopCell.swift */,
				3AB0810B2685156E008D030C /* TrackCell.swift */,
			);
			path = Tracking;
			sourceTree = "<group>";
		};
		3AC3EFA72683EE6700CE1CEB /* Charts */ = {
			isa = PBXGroup;
			children = (
				3AC3EFA82683EE7800CE1CEB /* Chart.swift */,
				3AC3EFA92683EE7800CE1CEB /* XAxisFormatter.swift */,
			);
			path = Charts;
			sourceTree = "<group>";
		};
		727D37EB7F402F728AE3927A /* Frameworks */ = {
			isa = PBXGroup;
			children = (
				650E5308BAC0EEAFA16435D6 /* libPods-HappyPoops.a */,
			);
			name = Frameworks;
			sourceTree = "<group>";
		};
/* End PBXGroup section */

/* Begin PBXNativeTarget section */
		3AC3EF5B2683EBF200CE1CEB /* HappyPoops */ = {
			isa = PBXNativeTarget;
			buildConfigurationList = 3AC3EF892683EBF200CE1CEB /* Build configuration list for PBXNativeTarget "HappyPoops" */;
			buildPhases = (
				9012AA6F002C7FD360E6BB58 /* [CP] Check Pods Manifest.lock */,
				3AC3EF582683EBF200CE1CEB /* Sources */,
				3AC3EF592683EBF200CE1CEB /* Frameworks */,
				3AC3EF5A2683EBF200CE1CEB /* Resources */,
			);
			buildRules = (
			);
			dependencies = (
			);
			name = HappyPoops;
			productName = HappyPoops;
			productReference = 3AC3EF5C2683EBF200CE1CEB /* HappyPoops.app */;
			productType = "com.apple.product-type.application";
		};
		3AC3EF742683EBF200CE1CEB /* HappyPoopsTests */ = {
			isa = PBXNativeTarget;
			buildConfigurationList = 3AC3EF8C2683EBF200CE1CEB /* Build configuration list for PBXNativeTarget "HappyPoopsTests" */;
			buildPhases = (
				3AC3EF712683EBF200CE1CEB /* Sources */,
				3AC3EF722683EBF200CE1CEB /* Frameworks */,
				3AC3EF732683EBF200CE1CEB /* Resources */,
			);
			buildRules = (
			);
			dependencies = (
				3AC3EF772683EBF200CE1CEB /* PBXTargetDependency */,
			);
			name = HappyPoopsTests;
			productName = HappyPoopsTests;
			productReference = 3AC3EF752683EBF200CE1CEB /* HappyPoopsTests.xctest */;
			productType = "com.apple.product-type.bundle.unit-test";
		};
		3AC3EF7F2683EBF200CE1CEB /* HappyPoopsUITests */ = {
			isa = PBXNativeTarget;
			buildConfigurationList = 3AC3EF8F2683EBF200CE1CEB /* Build configuration list for PBXNativeTarget "HappyPoopsUITests" */;
			buildPhases = (
				3AC3EF7C2683EBF200CE1CEB /* Sources */,
				3AC3EF7D2683EBF200CE1CEB /* Frameworks */,
				3AC3EF7E2683EBF200CE1CEB /* Resources */,
			);
			buildRules = (
			);
			dependencies = (
				3AC3EF822683EBF200CE1CEB /* PBXTargetDependency */,
			);
			name = HappyPoopsUITests;
			productName = HappyPoopsUITests;
			productReference = 3AC3EF802683EBF200CE1CEB /* HappyPoopsUITests.xctest */;
			productType = "com.apple.product-type.bundle.ui-testing";
		};
/* End PBXNativeTarget section */

/* Begin PBXProject section */
		3AC3EF542683EBF200CE1CEB /* Project object */ = {
			isa = PBXProject;
			attributes = {
				LastSwiftUpdateCheck = 1250;
				LastUpgradeCheck = 1250;
				TargetAttributes = {
					3AC3EF5B2683EBF200CE1CEB = {
						CreatedOnToolsVersion = 12.5;
						LastSwiftMigration = 1250;
					};
					3AC3EF742683EBF200CE1CEB = {
						CreatedOnToolsVersion = 12.5;
						TestTargetID = 3AC3EF5B2683EBF200CE1CEB;
					};
					3AC3EF7F2683EBF200CE1CEB = {
						CreatedOnToolsVersion = 12.5;
						TestTargetID = 3AC3EF5B2683EBF200CE1CEB;
					};
				};
			};
			buildConfigurationList = 3AC3EF572683EBF200CE1CEB /* Build configuration list for PBXProject "HappyPoops" */;
			compatibilityVersion = "Xcode 9.3";
			developmentRegion = en;
			hasScannedForEncodings = 0;
			knownRegions = (
				en,
				Base,
			);
			mainGroup = 3AC3EF532683EBF200CE1CEB;
			productRefGroup = 3AC3EF5D2683EBF200CE1CEB /* Products */;
			projectDirPath = "";
			projectRoot = "";
			targets = (
				3AC3EF5B2683EBF200CE1CEB /* HappyPoops */,
				3AC3EF742683EBF200CE1CEB /* HappyPoopsTests */,
				3AC3EF7F2683EBF200CE1CEB /* HappyPoopsUITests */,
			);
		};
/* End PBXProject section */

/* Begin PBXResourcesBuildPhase section */
		3AC3EF5A2683EBF200CE1CEB /* Resources */ = {
			isa = PBXResourcesBuildPhase;
			buildActionMask = 2147483647;
			files = (
				3AC3EF6F2683EBF200CE1CEB /* LaunchScreen.storyboard in Resources */,
				3AC3EF6C2683EBF200CE1CEB /* Assets.xcassets in Resources */,
			);
			runOnlyForDeploymentPostprocessing = 0;
		};
		3AC3EF732683EBF200CE1CEB /* Resources */ = {
			isa = PBXResourcesBuildPhase;
			buildActionMask = 2147483647;
			files = (
			);
			runOnlyForDeploymentPostprocessing = 0;
		};
		3AC3EF7E2683EBF200CE1CEB /* Resources */ = {
			isa = PBXResourcesBuildPhase;
			buildActionMask = 2147483647;
			files = (
			);
			runOnlyForDeploymentPostprocessing = 0;
		};
/* End PBXResourcesBuildPhase section */

/* Begin PBXShellScriptBuildPhase section */
		9012AA6F002C7FD360E6BB58 /* [CP] Check Pods Manifest.lock */ = {
			isa = PBXShellScriptBuildPhase;
			buildActionMask = 2147483647;
			files = (
			);
			inputFileListPaths = (
			);
			inputPaths = (
				"${PODS_PODFILE_DIR_PATH}/Podfile.lock",
				"${PODS_ROOT}/Manifest.lock",
			);
			name = "[CP] Check Pods Manifest.lock";
			outputFileListPaths = (
			);
			outputPaths = (
				"$(DERIVED_FILE_DIR)/Pods-HappyPoops-checkManifestLockResult.txt",
			);
			runOnlyForDeploymentPostprocessing = 0;
			shellPath = /bin/sh;
			shellScript = "diff \"${PODS_PODFILE_DIR_PATH}/Podfile.lock\" \"${PODS_ROOT}/Manifest.lock\" > /dev/null\nif [ $? != 0 ] ; then\n    # print error to STDERR\n    echo \"error: The sandbox is not in sync with the Podfile.lock. Run 'pod install' or update your CocoaPods installation.\" >&2\n    exit 1\nfi\n# This output is used by Xcode 'outputs' to avoid re-running this script phase.\necho \"SUCCESS\" > \"${SCRIPT_OUTPUT_FILE_0}\"\n";
			showEnvVarsInLog = 0;
		};
/* End PBXShellScriptBuildPhase section */

/* Begin PBXSourcesBuildPhase section */
		3AC3EF582683EBF200CE1CEB /* Sources */ = {
			isa = PBXSourcesBuildPhase;
			buildActionMask = 2147483647;
			files = (
				3AB0810A26851472008D030C /* MealCell.swift in Sources */,
				3AC3EFB02683EE8200CE1CEB /* GraphCell.swift in Sources */,
				3AC3EF602683EBF200CE1CEB /* AppDelegate.swift in Sources */,
				3AC3EFB12683EE8200CE1CEB /* InsightTableViewCell.swift in Sources */,
				3AECA9F226852B4A00E399A5 /* PoopCell.swift in Sources */,
				3AC5209B268A95F900B7EF0F /* AddEventViewController.swift in Sources */,
				3AC3EF6A2683EBF200CE1CEB /* HappyPoops.xcdatamodeld in Sources */,
				3AB0810C2685156E008D030C /* TrackCell.swift in Sources */,
				3AB081062684DF6D008D030C /* MealSettingsCell.swift in Sources */,
				3AC3EF622683EBF200CE1CEB /* SceneDelegate.swift in Sources */,
				3AC3EFB82683EE9C00CE1CEB /* ContentSizedTableView.swift in Sources */,
				3AC3EFAA2683EE7800CE1CEB /* Chart.swift in Sources */,
				3AC3EFBA2683EE9C00CE1CEB /* AddFoodTypeVC.swift in Sources */,
				3AC5209F268AB41900B7EF0F /* TabBarController.swift in Sources */,
				3AC3EF9C2683EC7300CE1CEB /* Enums.swift in Sources */,
				3AB081082684EE95008D030C /* SettingsViewController.swift in Sources */,
				3AB0810E26851F92008D030C /* TrackViewController.swift in Sources */,
				3AC5209D268AB1C900B7EF0F /* UIColor+EffectiveColors.swift in Sources */,
				3AC3EFAF2683EE8200CE1CEB /* AnalyzeViewController.swift in Sources */,
				3AC3EFCB2683EEA900CE1CEB /* FoodTypeCircle.swift in Sources */,
				3AC3EFAB2683EE7800CE1CEB /* XAxisFormatter.swift in Sources */,
			);
			runOnlyForDeploymentPostprocessing = 0;
		};
		3AC3EF712683EBF200CE1CEB /* Sources */ = {
			isa = PBXSourcesBuildPhase;
			buildActionMask = 2147483647;
			files = (
				3AC3EF7A2683EBF200CE1CEB /* HappyPoopsTests.swift in Sources */,
			);
			runOnlyForDeploymentPostprocessing = 0;
		};
		3AC3EF7C2683EBF200CE1CEB /* Sources */ = {
			isa = PBXSourcesBuildPhase;
			buildActionMask = 2147483647;
			files = (
				3AC3EF852683EBF200CE1CEB /* HappyPoopsUITests.swift in Sources */,
			);
			runOnlyForDeploymentPostprocessing = 0;
		};
/* End PBXSourcesBuildPhase section */

/* Begin PBXTargetDependency section */
		3AC3EF772683EBF200CE1CEB /* PBXTargetDependency */ = {
			isa = PBXTargetDependency;
			target = 3AC3EF5B2683EBF200CE1CEB /* HappyPoops */;
			targetProxy = 3AC3EF762683EBF200CE1CEB /* PBXContainerItemProxy */;
		};
		3AC3EF822683EBF200CE1CEB /* PBXTargetDependency */ = {
			isa = PBXTargetDependency;
			target = 3AC3EF5B2683EBF200CE1CEB /* HappyPoops */;
			targetProxy = 3AC3EF812683EBF200CE1CEB /* PBXContainerItemProxy */;
		};
/* End PBXTargetDependency section */

/* Begin PBXVariantGroup section */
		3AC3EF6D2683EBF200CE1CEB /* LaunchScreen.storyboard */ = {
			isa = PBXVariantGroup;
			children = (
				3AC3EF6E2683EBF200CE1CEB /* Base */,
			);
			name = LaunchScreen.storyboard;
			sourceTree = "<group>";
		};
/* End PBXVariantGroup section */

/* Begin XCBuildConfiguration section */
		3AC3EF872683EBF200CE1CEB /* Debug */ = {
			isa = XCBuildConfiguration;
			buildSettings = {
				ALWAYS_SEARCH_USER_PATHS = NO;
				CLANG_ANALYZER_NONNULL = YES;
				CLANG_ANALYZER_NUMBER_OBJECT_CONVERSION = YES_AGGRESSIVE;
				CLANG_CXX_LANGUAGE_STANDARD = "gnu++14";
				CLANG_CXX_LIBRARY = "libc++";
				CLANG_ENABLE_MODULES = YES;
				CLANG_ENABLE_OBJC_ARC = YES;
				CLANG_ENABLE_OBJC_WEAK = YES;
				CLANG_WARN_BLOCK_CAPTURE_AUTORELEASING = YES;
				CLANG_WARN_BOOL_CONVERSION = YES;
				CLANG_WARN_COMMA = YES;
				CLANG_WARN_CONSTANT_CONVERSION = YES;
				CLANG_WARN_DEPRECATED_OBJC_IMPLEMENTATIONS = YES;
				CLANG_WARN_DIRECT_OBJC_ISA_USAGE = YES_ERROR;
				CLANG_WARN_DOCUMENTATION_COMMENTS = YES;
				CLANG_WARN_EMPTY_BODY = YES;
				CLANG_WARN_ENUM_CONVERSION = YES;
				CLANG_WARN_INFINITE_RECURSION = YES;
				CLANG_WARN_INT_CONVERSION = YES;
				CLANG_WARN_NON_LITERAL_NULL_CONVERSION = YES;
				CLANG_WARN_OBJC_IMPLICIT_RETAIN_SELF = YES;
				CLANG_WARN_OBJC_LITERAL_CONVERSION = YES;
				CLANG_WARN_OBJC_ROOT_CLASS = YES_ERROR;
				CLANG_WARN_QUOTED_INCLUDE_IN_FRAMEWORK_HEADER = YES;
				CLANG_WARN_RANGE_LOOP_ANALYSIS = YES;
				CLANG_WARN_STRICT_PROTOTYPES = YES;
				CLANG_WARN_SUSPICIOUS_MOVE = YES;
				CLANG_WARN_UNGUARDED_AVAILABILITY = YES_AGGRESSIVE;
				CLANG_WARN_UNREACHABLE_CODE = YES;
				CLANG_WARN__DUPLICATE_METHOD_MATCH = YES;
				COPY_PHASE_STRIP = NO;
				DEBUG_INFORMATION_FORMAT = dwarf;
				ENABLE_STRICT_OBJC_MSGSEND = YES;
				ENABLE_TESTABILITY = YES;
				GCC_C_LANGUAGE_STANDARD = gnu11;
				GCC_DYNAMIC_NO_PIC = NO;
				GCC_NO_COMMON_BLOCKS = YES;
				GCC_OPTIMIZATION_LEVEL = 0;
				GCC_PREPROCESSOR_DEFINITIONS = (
					"DEBUG=1",
					"$(inherited)",
				);
				GCC_WARN_64_TO_32_BIT_CONVERSION = YES;
				GCC_WARN_ABOUT_RETURN_TYPE = YES_ERROR;
				GCC_WARN_UNDECLARED_SELECTOR = YES;
				GCC_WARN_UNINITIALIZED_AUTOS = YES_AGGRESSIVE;
				GCC_WARN_UNUSED_FUNCTION = YES;
				GCC_WARN_UNUSED_VARIABLE = YES;
				IPHONEOS_DEPLOYMENT_TARGET = 14.5;
				MTL_ENABLE_DEBUG_INFO = INCLUDE_SOURCE;
				MTL_FAST_MATH = YES;
				ONLY_ACTIVE_ARCH = YES;
				SDKROOT = iphoneos;
				SWIFT_ACTIVE_COMPILATION_CONDITIONS = DEBUG;
				SWIFT_OPTIMIZATION_LEVEL = "-Onone";
			};
			name = Debug;
		};
		3AC3EF882683EBF200CE1CEB /* Release */ = {
			isa = XCBuildConfiguration;
			buildSettings = {
				ALWAYS_SEARCH_USER_PATHS = NO;
				CLANG_ANALYZER_NONNULL = YES;
				CLANG_ANALYZER_NUMBER_OBJECT_CONVERSION = YES_AGGRESSIVE;
				CLANG_CXX_LANGUAGE_STANDARD = "gnu++14";
				CLANG_CXX_LIBRARY = "libc++";
				CLANG_ENABLE_MODULES = YES;
				CLANG_ENABLE_OBJC_ARC = YES;
				CLANG_ENABLE_OBJC_WEAK = YES;
				CLANG_WARN_BLOCK_CAPTURE_AUTORELEASING = YES;
				CLANG_WARN_BOOL_CONVERSION = YES;
				CLANG_WARN_COMMA = YES;
				CLANG_WARN_CONSTANT_CONVERSION = YES;
				CLANG_WARN_DEPRECATED_OBJC_IMPLEMENTATIONS = YES;
				CLANG_WARN_DIRECT_OBJC_ISA_USAGE = YES_ERROR;
				CLANG_WARN_DOCUMENTATION_COMMENTS = YES;
				CLANG_WARN_EMPTY_BODY = YES;
				CLANG_WARN_ENUM_CONVERSION = YES;
				CLANG_WARN_INFINITE_RECURSION = YES;
				CLANG_WARN_INT_CONVERSION = YES;
				CLANG_WARN_NON_LITERAL_NULL_CONVERSION = YES;
				CLANG_WARN_OBJC_IMPLICIT_RETAIN_SELF = YES;
				CLANG_WARN_OBJC_LITERAL_CONVERSION = YES;
				CLANG_WARN_OBJC_ROOT_CLASS = YES_ERROR;
				CLANG_WARN_QUOTED_INCLUDE_IN_FRAMEWORK_HEADER = YES;
				CLANG_WARN_RANGE_LOOP_ANALYSIS = YES;
				CLANG_WARN_STRICT_PROTOTYPES = YES;
				CLANG_WARN_SUSPICIOUS_MOVE = YES;
				CLANG_WARN_UNGUARDED_AVAILABILITY = YES_AGGRESSIVE;
				CLANG_WARN_UNREACHABLE_CODE = YES;
				CLANG_WARN__DUPLICATE_METHOD_MATCH = YES;
				COPY_PHASE_STRIP = NO;
				DEBUG_INFORMATION_FORMAT = "dwarf-with-dsym";
				ENABLE_NS_ASSERTIONS = NO;
				ENABLE_STRICT_OBJC_MSGSEND = YES;
				GCC_C_LANGUAGE_STANDARD = gnu11;
				GCC_NO_COMMON_BLOCKS = YES;
				GCC_WARN_64_TO_32_BIT_CONVERSION = YES;
				GCC_WARN_ABOUT_RETURN_TYPE = YES_ERROR;
				GCC_WARN_UNDECLARED_SELECTOR = YES;
				GCC_WARN_UNINITIALIZED_AUTOS = YES_AGGRESSIVE;
				GCC_WARN_UNUSED_FUNCTION = YES;
				GCC_WARN_UNUSED_VARIABLE = YES;
				IPHONEOS_DEPLOYMENT_TARGET = 14.5;
				MTL_ENABLE_DEBUG_INFO = NO;
				MTL_FAST_MATH = YES;
				SDKROOT = iphoneos;
				SWIFT_COMPILATION_MODE = wholemodule;
				SWIFT_OPTIMIZATION_LEVEL = "-O";
				VALIDATE_PRODUCT = YES;
			};
			name = Release;
		};
		3AC3EF8A2683EBF200CE1CEB /* Debug */ = {
			isa = XCBuildConfiguration;
			baseConfigurationReference = 58E866DDD6FA0141172E1B6C /* Pods-HappyPoops.debug.xcconfig */;
			buildSettings = {
				ASSETCATALOG_COMPILER_APPICON_NAME = AppIcon;
				ASSETCATALOG_COMPILER_GLOBAL_ACCENT_COLOR_NAME = AccentColor;
				CLANG_ENABLE_MODULES = YES;
				CODE_SIGN_STYLE = Automatic;
				DEVELOPMENT_TEAM = R725LZS4G8;
				INFOPLIST_FILE = HappyPoops/Info.plist;
				LD_RUNPATH_SEARCH_PATHS = (
					"$(inherited)",
					"@executable_path/Frameworks",
				);
				PRODUCT_BUNDLE_IDENTIFIER = SCS.HappyPoops;
				PRODUCT_NAME = "$(TARGET_NAME)";
				SWIFT_OPTIMIZATION_LEVEL = "-Onone";
				SWIFT_VERSION = 5.0;
				TARGETED_DEVICE_FAMILY = "1,2";
			};
			name = Debug;
		};
		3AC3EF8B2683EBF200CE1CEB /* Release */ = {
			isa = XCBuildConfiguration;
			baseConfigurationReference = FD4903BD2422EF9660F0B4F9 /* Pods-HappyPoops.release.xcconfig */;
			buildSettings = {
				ASSETCATALOG_COMPILER_APPICON_NAME = AppIcon;
				ASSETCATALOG_COMPILER_GLOBAL_ACCENT_COLOR_NAME = AccentColor;
				CLANG_ENABLE_MODULES = YES;
				CODE_SIGN_STYLE = Automatic;
				DEVELOPMENT_TEAM = R725LZS4G8;
				INFOPLIST_FILE = HappyPoops/Info.plist;
				LD_RUNPATH_SEARCH_PATHS = (
					"$(inherited)",
					"@executable_path/Frameworks",
				);
				PRODUCT_BUNDLE_IDENTIFIER = SCS.HappyPoops;
				PRODUCT_NAME = "$(TARGET_NAME)";
				SWIFT_VERSION = 5.0;
				TARGETED_DEVICE_FAMILY = "1,2";
			};
			name = Release;
		};
		3AC3EF8D2683EBF200CE1CEB /* Debug */ = {
			isa = XCBuildConfiguration;
			buildSettings = {
				ALWAYS_EMBED_SWIFT_STANDARD_LIBRARIES = YES;
				BUNDLE_LOADER = "$(TEST_HOST)";
				CODE_SIGN_STYLE = Automatic;
				DEVELOPMENT_TEAM = R725LZS4G8;
				INFOPLIST_FILE = HappyPoopsTests/Info.plist;
				IPHONEOS_DEPLOYMENT_TARGET = 14.5;
				LD_RUNPATH_SEARCH_PATHS = (
					"$(inherited)",
					"@executable_path/Frameworks",
					"@loader_path/Frameworks",
				);
				PRODUCT_BUNDLE_IDENTIFIER = SCS.HappyPoopsTests;
				PRODUCT_NAME = "$(TARGET_NAME)";
				SWIFT_VERSION = 5.0;
				TARGETED_DEVICE_FAMILY = "1,2";
				TEST_HOST = "$(BUILT_PRODUCTS_DIR)/HappyPoops.app/HappyPoops";
			};
			name = Debug;
		};
		3AC3EF8E2683EBF200CE1CEB /* Release */ = {
			isa = XCBuildConfiguration;
			buildSettings = {
				ALWAYS_EMBED_SWIFT_STANDARD_LIBRARIES = YES;
				BUNDLE_LOADER = "$(TEST_HOST)";
				CODE_SIGN_STYLE = Automatic;
				DEVELOPMENT_TEAM = R725LZS4G8;
				INFOPLIST_FILE = HappyPoopsTests/Info.plist;
				IPHONEOS_DEPLOYMENT_TARGET = 14.5;
				LD_RUNPATH_SEARCH_PATHS = (
					"$(inherited)",
					"@executable_path/Frameworks",
					"@loader_path/Frameworks",
				);
				PRODUCT_BUNDLE_IDENTIFIER = SCS.HappyPoopsTests;
				PRODUCT_NAME = "$(TARGET_NAME)";
				SWIFT_VERSION = 5.0;
				TARGETED_DEVICE_FAMILY = "1,2";
				TEST_HOST = "$(BUILT_PRODUCTS_DIR)/HappyPoops.app/HappyPoops";
			};
			name = Release;
		};
		3AC3EF902683EBF200CE1CEB /* Debug */ = {
			isa = XCBuildConfiguration;
			buildSettings = {
				ALWAYS_EMBED_SWIFT_STANDARD_LIBRARIES = YES;
				CODE_SIGN_STYLE = Automatic;
				DEVELOPMENT_TEAM = R725LZS4G8;
				INFOPLIST_FILE = HappyPoopsUITests/Info.plist;
				LD_RUNPATH_SEARCH_PATHS = (
					"$(inherited)",
					"@executable_path/Frameworks",
					"@loader_path/Frameworks",
				);
				PRODUCT_BUNDLE_IDENTIFIER = SCS.HappyPoopsUITests;
				PRODUCT_NAME = "$(TARGET_NAME)";
				SWIFT_VERSION = 5.0;
				TARGETED_DEVICE_FAMILY = "1,2";
				TEST_TARGET_NAME = HappyPoops;
			};
			name = Debug;
		};
		3AC3EF912683EBF200CE1CEB /* Release */ = {
			isa = XCBuildConfiguration;
			buildSettings = {
				ALWAYS_EMBED_SWIFT_STANDARD_LIBRARIES = YES;
				CODE_SIGN_STYLE = Automatic;
				DEVELOPMENT_TEAM = R725LZS4G8;
				INFOPLIST_FILE = HappyPoopsUITests/Info.plist;
				LD_RUNPATH_SEARCH_PATHS = (
					"$(inherited)",
					"@executable_path/Frameworks",
					"@loader_path/Frameworks",
				);
				PRODUCT_BUNDLE_IDENTIFIER = SCS.HappyPoopsUITests;
				PRODUCT_NAME = "$(TARGET_NAME)";
				SWIFT_VERSION = 5.0;
				TARGETED_DEVICE_FAMILY = "1,2";
				TEST_TARGET_NAME = HappyPoops;
			};
			name = Release;
		};
/* End XCBuildConfiguration section */

/* Begin XCConfigurationList section */
		3AC3EF572683EBF200CE1CEB /* Build configuration list for PBXProject "HappyPoops" */ = {
			isa = XCConfigurationList;
			buildConfigurations = (
				3AC3EF872683EBF200CE1CEB /* Debug */,
				3AC3EF882683EBF200CE1CEB /* Release */,
			);
			defaultConfigurationIsVisible = 0;
			defaultConfigurationName = Release;
		};
		3AC3EF892683EBF200CE1CEB /* Build configuration list for PBXNativeTarget "HappyPoops" */ = {
			isa = XCConfigurationList;
			buildConfigurations = (
				3AC3EF8A2683EBF200CE1CEB /* Debug */,
				3AC3EF8B2683EBF200CE1CEB /* Release */,
			);
			defaultConfigurationIsVisible = 0;
			defaultConfigurationName = Release;
		};
		3AC3EF8C2683EBF200CE1CEB /* Build configuration list for PBXNativeTarget "HappyPoopsTests" */ = {
			isa = XCConfigurationList;
			buildConfigurations = (
				3AC3EF8D2683EBF200CE1CEB /* Debug */,
				3AC3EF8E2683EBF200CE1CEB /* Release */,
			);
			defaultConfigurationIsVisible = 0;
			defaultConfigurationName = Release;
		};
		3AC3EF8F2683EBF200CE1CEB /* Build configuration list for PBXNativeTarget "HappyPoopsUITests" */ = {
			isa = XCConfigurationList;
			buildConfigurations = (
				3AC3EF902683EBF200CE1CEB /* Debug */,
				3AC3EF912683EBF200CE1CEB /* Release */,
			);
			defaultConfigurationIsVisible = 0;
			defaultConfigurationName = Release;
		};
/* End XCConfigurationList section */

/* Begin XCVersionGroup section */
		3AC3EF682683EBF200CE1CEB /* HappyPoops.xcdatamodeld */ = {
			isa = XCVersionGroup;
			children = (
				3AC3EF692683EBF200CE1CEB /* HappyPoops.xcdatamodel */,
			);
			currentVersion = 3AC3EF692683EBF200CE1CEB /* HappyPoops.xcdatamodel */;
			path = HappyPoops.xcdatamodeld;
			sourceTree = "<group>";
			versionGroupType = wrapper.xcdatamodel;
		};
/* End XCVersionGroup section */
	};
	rootObject = 3AC3EF542683EBF200CE1CEB /* Project object */;
}
